
Microsoft Visual Studio Solution File, Format Version 12.00
# Visual Studio Version 17
VisualStudioVersion = 17.7.34031.279
MinimumVisualStudioVersion = 10.0.40219.1
Project("{9A19103F-16F7-4668-BE54-9A1E7A4F7556}") = "Calculator", "test_wpf\Calculator.csproj", "{0C80E019-7E79-4D7F-8343-AAA38EB1BB2A}"
EndProject
Global
	GlobalSection(SolutionConfigurationPlatforms) = preSolution
		Debug|Any CPU = Debug|Any CPU
		Release|Any CPU = Release|Any CPU
	EndGlobalSection
	GlobalSection(ProjectConfigurationPlatforms) = postSolution
		{0C80E019-7E79-4D7F-8343-AAA38EB1BB2A}.Debug|Any CPU.ActiveCfg = Debug|Any CPU
		{0C80E019-7E79-4D7F-8343-AAA38EB1BB2A}.Debug|Any CPU.Build.0 = Debug|Any CPU
		{0C80E019-7E79-4D7F-8343-AAA38EB1BB2A}.Release|Any CPU.ActiveCfg = Release|Any CPU
		{0C80E019-7E79-4D7F-8343-AAA38EB1BB2A}.Release|Any CPU.Build.0 = Release|Any CPU
	EndGlobalSection
	GlobalSection(SolutionProperties) = preSolution
		HideSolutionNode = FALSE
	EndGlobalSection
	GlobalSection(ExtensibilityGlobals) = postSolution
		SolutionGuid = {40B38E41-33AE-4E37-9E79-82D6AE349871}
	EndGlobalSection
EndGlobal
